<?xml version="1.0" encoding="utf-8"?>
<Project ToolsVersion="4.0" xmlns="http://schemas.microsoft.com/developer/msbuild/2003">
  <ItemGroup>
    <Filter Include="Source Files">
      <UniqueIdentifier>{4FC737F1-C7A5-4376-A066-2A32D752A2FF}</UniqueIdentifier>
      <Extensions>cpp;c;cc;cxx;def;odl;idl;hpj;bat;asm;asmx</Extensions>
    </Filter>
    <Filter Include="Header Files">
      <UniqueIdentifier>{93995380-89BD-4b04-88EB-625FBE52EBFB}</UniqueIdentifier>
      <Extensions>h;hpp;hxx;hm;inl;inc;xsd</Extensions>
    </Filter>
    <Filter Include="Shader Files">
      <UniqueIdentifier>{f622381c-0169-4c9f-ba03-ca2c876f9248}</UniqueIdentifier>
    </Filter>
    <Filter Include="Header Files\slee">
      <UniqueIdentifier>{2c2a4582-6dc4-4c34-b6d9-e73c7fd86263}</UniqueIdentifier>
    </Filter>
    <Filter Include="Header Files\library">
      <UniqueIdentifier>{5bae4dc3-5db7-4374-8554-e556c7b87ca4}</UniqueIdentifier>
    </Filter>
  </ItemGroup>
  <ItemGroup>
    <ClCompile Include="main.cpp">
      <Filter>Source Files</Filter>
    </ClCompile>
    <ClCompile Include="GL\glad.c">
      <Filter>Source Files</Filter>
    </ClCompile>
  </ItemGroup>
  <ItemGroup>
    <ClInclude Include="mouse.h">
      <Filter>Header Files</Filter>
    </ClInclude>
    <ClInclude Include="cgmath.h">
      <Filter>Header Files\slee</Filter>
    </ClInclude>
    <ClInclude Include="cgut.h">
      <Filter>Header Files\slee</Filter>
    </ClInclude>
    <ClInclude Include="stb_image.h">
      <Filter>Header Files\library</Filter>
    </ClInclude>
    <ClInclude Include="planets.h">
      <Filter>Header Files</Filter>
    </ClInclude>
    <ClInclude Include="light.h">
      <Filter>Header Files</Filter>
    </ClInclude>
    <ClInclude Include="keyboard.h">
      <Filter>Header Files</Filter>
    </ClInclude>
  </ItemGroup>
  <ItemGroup>
    <None Include="..\bin\shaders\circ.frag">
      <Filter>Shader Files</Filter>
    </None>
    <None Include="..\bin\shaders\circ.vert">
      <Filter>Shader Files</Filter>
    </None>
  </ItemGroup>
  <ItemGroup>
    <ResourceCompile Include="cg_t1_t4.rc" />
  </ItemGroup>
</Project>